
Microsoft Visual Studio Solution File, Format Version 12.00
# Visual Studio Version 17
VisualStudioVersion = 17.0.31903.59
MinimumVisualStudioVersion = 10.0.40219.1
Project("{2150E333-8FDC-42A3-9474-1A3956D46DE8}") = "src", "src", "{827E0CD3-B72D-47B6-A68D-7590B98EB39B}"
EndProject
Project("{FAE04EC0-301F-11D3-BF4B-00C04F79EFBC}") = "WozDiskImageReader", "src\WozDiskImageReader.csproj", "{215B228D-6650-48BC-85FC-CEC3E594C77A}"
EndProject
Project("{2150E333-8FDC-42A3-9474-1A3956D46DE8}") = "tests", "tests", "{0AB3BF05-4346-4AA6-1389-037BE0695223}"
EndProject
Project("{FAE04EC0-301F-11D3-BF4B-00C04F79EFBC}") = "WozDiskImageReader.Tests", "tests\WozDiskImageReader.Tests.csproj", "{D868E9DB-7BED-47CC-9D79-5FAEC94A047F}"
EndProject
Project("{2150E333-8FDC-42A3-9474-1A3956D46DE8}") = "dumper", "dumper", "{6A12E86D-DB6E-91B4-263F-3EB1B9A58A55}"
EndProject
Project("{FAE04EC0-301F-11D3-BF4B-00C04F79EFBC}") = "WozDiskImageDumper", "dumper\WozDiskImageDumper.csproj", "{0BDCE066-6BB6-4CA8-AC0F-8DFDCFA4FCBF}"
EndProject
Project("{2150E333-8FDC-42A3-9474-1A3956D46DE8}") = "benchmarks", "benchmarks", "{66320409-64EC-F7C5-3DEF-65E7510DAAD1}"
EndProject
Project("{FAE04EC0-301F-11D3-BF4B-00C04F79EFBC}") = "WozDiskImageReader.Benchmarks", "benchmarks\WozDiskImageReader.Benchmarks.csproj", "{8BC4E47C-9DEC-4667-824F-BEDB277B2F89}"
EndProject
Global
	GlobalSection(SolutionConfigurationPlatforms) = preSolution
		Debug|Any CPU = Debug|Any CPU
		Debug|x64 = Debug|x64
		Debug|x86 = Debug|x86
		Release|Any CPU = Release|Any CPU
		Release|x64 = Release|x64
		Release|x86 = Release|x86
	EndGlobalSection
	GlobalSection(ProjectConfigurationPlatforms) = postSolution
		{215B228D-6650-48BC-85FC-CEC3E594C77A}.Debug|Any CPU.ActiveCfg = Debug|Any CPU
		{215B228D-6650-48BC-85FC-CEC3E594C77A}.Debug|Any CPU.Build.0 = Debug|Any CPU
		{215B228D-6650-48BC-85FC-CEC3E594C77A}.Debug|x64.ActiveCfg = Debug|Any CPU
		{215B228D-6650-48BC-85FC-CEC3E594C77A}.Debug|x64.Build.0 = Debug|Any CPU
		{215B228D-6650-48BC-85FC-CEC3E594C77A}.Debug|x86.ActiveCfg = Debug|Any CPU
		{215B228D-6650-48BC-85FC-CEC3E594C77A}.Debug|x86.Build.0 = Debug|Any CPU
		{215B228D-6650-48BC-85FC-CEC3E594C77A}.Release|Any CPU.ActiveCfg = Release|Any CPU
		{215B228D-6650-48BC-85FC-CEC3E594C77A}.Release|Any CPU.Build.0 = Release|Any CPU
		{215B228D-6650-48BC-85FC-CEC3E594C77A}.Release|x64.ActiveCfg = Release|Any CPU
		{215B228D-6650-48BC-85FC-CEC3E594C77A}.Release|x64.Build.0 = Release|Any CPU
		{215B228D-6650-48BC-85FC-CEC3E594C77A}.Release|x86.ActiveCfg = Release|Any CPU
		{215B228D-6650-48BC-85FC-CEC3E594C77A}.Release|x86.Build.0 = Release|Any CPU
		{D868E9DB-7BED-47CC-9D79-5FAEC94A047F}.Debug|Any CPU.ActiveCfg = Debug|Any CPU
		{D868E9DB-7BED-47CC-9D79-5FAEC94A047F}.Debug|Any CPU.Build.0 = Debug|Any CPU
		{D868E9DB-7BED-47CC-9D79-5FAEC94A047F}.Debug|x64.ActiveCfg = Debug|Any CPU
		{D868E9DB-7BED-47CC-9D79-5FAEC94A047F}.Debug|x64.Build.0 = Debug|Any CPU
		{D868E9DB-7BED-47CC-9D79-5FAEC94A047F}.Debug|x86.ActiveCfg = Debug|Any CPU
		{D868E9DB-7BED-47CC-9D79-5FAEC94A047F}.Debug|x86.Build.0 = Debug|Any CPU
		{D868E9DB-7BED-47CC-9D79-5FAEC94A047F}.Release|Any CPU.ActiveCfg = Release|Any CPU
		{D868E9DB-7BED-47CC-9D79-5FAEC94A047F}.Release|Any CPU.Build.0 = Release|Any CPU
		{D868E9DB-7BED-47CC-9D79-5FAEC94A047F}.Release|x64.ActiveCfg = Release|Any CPU
		{D868E9DB-7BED-47CC-9D79-5FAEC94A047F}.Release|x64.Build.0 = Release|Any CPU
		{D868E9DB-7BED-47CC-9D79-5FAEC94A047F}.Release|x86.ActiveCfg = Release|Any CPU
		{D868E9DB-7BED-47CC-9D79-5FAEC94A047F}.Release|x86.Build.0 = Release|Any CPU
		{0BDCE066-6BB6-4CA8-AC0F-8DFDCFA4FCBF}.Debug|Any CPU.ActiveCfg = Debug|Any CPU
		{0BDCE066-6BB6-4CA8-AC0F-8DFDCFA4FCBF}.Debug|Any CPU.Build.0 = Debug|Any CPU
		{0BDCE066-6BB6-4CA8-AC0F-8DFDCFA4FCBF}.Debug|x64.ActiveCfg = Debug|Any CPU
		{0BDCE066-6BB6-4CA8-AC0F-8DFDCFA4FCBF}.Debug|x64.Build.0 = Debug|Any CPU
		{0BDCE066-6BB6-4CA8-AC0F-8DFDCFA4FCBF}.Debug|x86.ActiveCfg = Debug|Any CPU
		{0BDCE066-6BB6-4CA8-AC0F-8DFDCFA4FCBF}.Debug|x86.Build.0 = Debug|Any CPU
		{0BDCE066-6BB6-4CA8-AC0F-8DFDCFA4FCBF}.Release|Any CPU.ActiveCfg = Release|Any CPU
		{0BDCE066-6BB6-4CA8-AC0F-8DFDCFA4FCBF}.Release|Any CPU.Build.0 = Release|Any CPU
		{0BDCE066-6BB6-4CA8-AC0F-8DFDCFA4FCBF}.Release|x64.ActiveCfg = Release|Any CPU
		{0BDCE066-6BB6-4CA8-AC0F-8DFDCFA4FCBF}.Release|x64.Build.0 = Release|Any CPU
		{0BDCE066-6BB6-4CA8-AC0F-8DFDCFA4FCBF}.Release|x86.ActiveCfg = Release|Any CPU
		{0BDCE066-6BB6-4CA8-AC0F-8DFDCFA4FCBF}.Release|x86.Build.0 = Release|Any CPU
		{8BC4E47C-9DEC-4667-824F-BEDB277B2F89}.Debug|Any CPU.ActiveCfg = Debug|Any CPU
		{8BC4E47C-9DEC-4667-824F-BEDB277B2F89}.Debug|Any CPU.Build.0 = Debug|Any CPU
		{8BC4E47C-9DEC-4667-824F-BEDB277B2F89}.Debug|x64.ActiveCfg = Debug|Any CPU
		{8BC4E47C-9DEC-4667-824F-BEDB277B2F89}.Debug|x64.Build.0 = Debug|Any CPU
		{8BC4E47C-9DEC-4667-824F-BEDB277B2F89}.Debug|x86.ActiveCfg = Debug|Any CPU
		{8BC4E47C-9DEC-4667-824F-BEDB277B2F89}.Debug|x86.Build.0 = Debug|Any CPU
		{8BC4E47C-9DEC-4667-824F-BEDB277B2F89}.Release|Any CPU.ActiveCfg = Release|Any CPU
		{8BC4E47C-9DEC-4667-824F-BEDB277B2F89}.Release|Any CPU.Build.0 = Release|Any CPU
		{8BC4E47C-9DEC-4667-824F-BEDB277B2F89}.Release|x64.ActiveCfg = Release|Any CPU
		{8BC4E47C-9DEC-4667-824F-BEDB277B2F89}.Release|x64.Build.0 = Release|Any CPU
		{8BC4E47C-9DEC-4667-824F-BEDB277B2F89}.Release|x86.ActiveCfg = Release|Any CPU
		{8BC4E47C-9DEC-4667-824F-BEDB277B2F89}.Release|x86.Build.0 = Release|Any CPU
	EndGlobalSection
	GlobalSection(SolutionProperties) = preSolution
		HideSolutionNode = FALSE
	EndGlobalSection
	GlobalSection(NestedProjects) = preSolution
		{215B228D-6650-48BC-85FC-CEC3E594C77A} = {827E0CD3-B72D-47B6-A68D-7590B98EB39B}
		{D868E9DB-7BED-47CC-9D79-5FAEC94A047F} = {0AB3BF05-4346-4AA6-1389-037BE0695223}
		{0BDCE066-6BB6-4CA8-AC0F-8DFDCFA4FCBF} = {6A12E86D-DB6E-91B4-263F-3EB1B9A58A55}
		{8BC4E47C-9DEC-4667-824F-BEDB277B2F89} = {66320409-64EC-F7C5-3DEF-65E7510DAAD1}
	EndGlobalSection
EndGlobal
